
Microsoft Visual Studio Solution File, Format Version 12.00
# Visual Studio Version 17
VisualStudioVersion = 17.10.34928.147
MinimumVisualStudioVersion = 10.0.40219.1
Project("{FAE04EC0-301F-11D3-BF4B-00C04F79EFBC}") = "Module18", "Module18.csproj", "{E9872EDB-A05C-4316-8A87-1EEF689C55D3}"
EndProject
Global
	GlobalSection(SolutionConfigurationPlatforms) = preSolution
		Debug|Any CPU = Debug|Any CPU
		Release|Any CPU = Release|Any CPU
	EndGlobalSection
	GlobalSection(ProjectConfigurationPlatforms) = postSolution
		{E9872EDB-A05C-4316-8A87-1EEF689C55D3}.Debug|Any CPU.ActiveCfg = Debug|Any CPU
		{E9872EDB-A05C-4316-8A87-1EEF689C55D3}.Debug|Any CPU.Build.0 = Debug|Any CPU
		{E9872EDB-A05C-4316-8A87-1EEF689C55D3}.Release|Any CPU.ActiveCfg = Release|Any CPU
		{E9872EDB-A05C-4316-8A87-1EEF689C55D3}.Release|Any CPU.Build.0 = Release|Any CPU
	EndGlobalSection
	GlobalSection(SolutionProperties) = preSolution
		HideSolutionNode = FALSE
	EndGlobalSection
	GlobalSection(ExtensibilityGlobals) = postSolution
		SolutionGuid = {CBB16A49-7D6D-4E3E-AB72-1627686958B0}
	EndGlobalSection
EndGlobal
